<?xml version="1.0" encoding="utf-8"?>
<Project ToolsVersion="4.0" xmlns="http://schemas.microsoft.com/developer/msbuild/2003">
  <ItemGroup>
    <Filter Include="소스 파일">
      <UniqueIdentifier>{4FC737F1-C7A5-4376-A066-2A32D752A2FF}</UniqueIdentifier>
      <Extensions>cpp;c;cc;cxx;def;odl;idl;hpj;bat;asm;asmx</Extensions>
    </Filter>
    <Filter Include="헤더 파일">
      <UniqueIdentifier>{93995380-89BD-4b04-88EB-625FBE52EBFB}</UniqueIdentifier>
      <Extensions>h;hpp;hxx;hm;inl;inc;xsd</Extensions>
    </Filter>
    <Filter Include="리소스 파일">
      <UniqueIdentifier>{67DA6AB6-F800-4c08-8B7A-83BB121AAD01}</UniqueIdentifier>
      <Extensions>rc;ico;cur;bmp;dlg;rc2;rct;bin;rgs;gif;jpg;jpeg;jpe;resx;tiff;tif;png;wav</Extensions>
    </Filter>
    <Filter Include="소스 파일\00. Mgr">
      <UniqueIdentifier>{ec6dc67c-551a-48ac-afb5-8bb8703d442f}</UniqueIdentifier>
    </Filter>
    <Filter Include="소스 파일\00. Mgr\GameMgr">
      <UniqueIdentifier>{fabcad83-a3d9-4d8f-aa2c-5825a7c02f2f}</UniqueIdentifier>
    </Filter>
    <Filter Include="소스 파일\00. Mgr\InputController">
      <UniqueIdentifier>{12e6cbd7-1c36-49e3-b6e6-cd0fb16962d9}</UniqueIdentifier>
    </Filter>
  </ItemGroup>
  <ItemGroup>
    <ClCompile Include="main.cpp">
      <Filter>소스 파일</Filter>
    </ClCompile>
    <ClCompile Include="GameMgr.cpp">
      <Filter>소스 파일\00. Mgr\GameMgr</Filter>
    </ClCompile>
    <ClCompile Include="InputController.cpp">
      <Filter>소스 파일</Filter>
    </ClCompile>
  </ItemGroup>
  <ItemGroup>
    <CustomBuild Include="resource.zip">
      <Filter>리소스 파일</Filter>
    </CustomBuild>
    <CustomBuild Include="plugins_d.cfg">
      <Filter>리소스 파일</Filter>
    </CustomBuild>
    <CustomBuild Include="plugins.cfg">
      <Filter>리소스 파일</Filter>
    </CustomBuild>
  </ItemGroup>
  <ItemGroup>
    <ClInclude Include="Singleton.h">
      <Filter>헤더 파일</Filter>
    </ClInclude>
    <ClInclude Include="GameMgr.h">
      <Filter>소스 파일\00. Mgr\GameMgr</Filter>
    </ClInclude>
    <ClInclude Include="InputController.h">
      <Filter>헤더 파일</Filter>
    </ClInclude>
  </ItemGroup>
</Project>